
Microsoft Visual Studio Solution File, Format Version 12.00
# Visual Studio Version 16
VisualStudioVersion = 16.0.30413.136
MinimumVisualStudioVersion = 10.0.40219.1
Project("{9A19103F-16F7-4668-BE54-9A1E7A4F7556}") = "SubTracker", "SubTracker\SubTracker.csproj", "{35056C35-0E6B-40B1-8DC3-9E4874588BD8}"
EndProject
Project("{FAE04EC0-301F-11D3-BF4B-00C04F79EFBC}") = "SubTrackerDL", "SubTrackerDL\SubTrackerDL.csproj", "{8657ADD8-BE4C-4F12-819C-1C8BEF3186C1}"
EndProject
Global
	GlobalSection(SolutionConfigurationPlatforms) = preSolution
		Debug|Any CPU = Debug|Any CPU
		Release|Any CPU = Release|Any CPU
	EndGlobalSection
	GlobalSection(ProjectConfigurationPlatforms) = postSolution
		{35056C35-0E6B-40B1-8DC3-9E4874588BD8}.Debug|Any CPU.ActiveCfg = Debug|Any CPU
		{35056C35-0E6B-40B1-8DC3-9E4874588BD8}.Debug|Any CPU.Build.0 = Debug|Any CPU
		{35056C35-0E6B-40B1-8DC3-9E4874588BD8}.Release|Any CPU.ActiveCfg = Release|Any CPU
		{35056C35-0E6B-40B1-8DC3-9E4874588BD8}.Release|Any CPU.Build.0 = Release|Any CPU
		{8657ADD8-BE4C-4F12-819C-1C8BEF3186C1}.Debug|Any CPU.ActiveCfg = Debug|Any CPU
		{8657ADD8-BE4C-4F12-819C-1C8BEF3186C1}.Debug|Any CPU.Build.0 = Debug|Any CPU
		{8657ADD8-BE4C-4F12-819C-1C8BEF3186C1}.Release|Any CPU.ActiveCfg = Release|Any CPU
		{8657ADD8-BE4C-4F12-819C-1C8BEF3186C1}.Release|Any CPU.Build.0 = Release|Any CPU
	EndGlobalSection
	GlobalSection(SolutionProperties) = preSolution
		HideSolutionNode = FALSE
	EndGlobalSection
	GlobalSection(ExtensibilityGlobals) = postSolution
		SolutionGuid = {53FC573E-9DD3-4368-BFD7-CFDA5D8578A7}
	EndGlobalSection
EndGlobal
