
Microsoft Visual Studio Solution File, Format Version 12.00
# Visual Studio Version 16
VisualStudioVersion = 16.0.30330.147
MinimumVisualStudioVersion = 10.0.40219.1
Project("{8BC9CEB8-8B4A-11D0-8D11-00A0C91BC942}") = "Contacts", "Contacts\Contacts.vcxproj", "{DF9D921B-7DC8-46DA-8878-94E14CCAB0CA}"
EndProject
Global
	GlobalSection(SolutionConfigurationPlatforms) = preSolution
		Debug|x64 = Debug|x64
		Debug|x86 = Debug|x86
		Release|x64 = Release|x64
		Release|x86 = Release|x86
	EndGlobalSection
	GlobalSection(ProjectConfigurationPlatforms) = postSolution
		{DF9D921B-7DC8-46DA-8878-94E14CCAB0CA}.Debug|x64.ActiveCfg = Debug|x64
		{DF9D921B-7DC8-46DA-8878-94E14CCAB0CA}.Debug|x64.Build.0 = Debug|x64
		{DF9D921B-7DC8-46DA-8878-94E14CCAB0CA}.Debug|x86.ActiveCfg = Debug|Win32
		{DF9D921B-7DC8-46DA-8878-94E14CCAB0CA}.Debug|x86.Build.0 = Debug|Win32
		{DF9D921B-7DC8-46DA-8878-94E14CCAB0CA}.Release|x64.ActiveCfg = Release|x64
		{DF9D921B-7DC8-46DA-8878-94E14CCAB0CA}.Release|x64.Build.0 = Release|x64
		{DF9D921B-7DC8-46DA-8878-94E14CCAB0CA}.Release|x86.ActiveCfg = Release|Win32
		{DF9D921B-7DC8-46DA-8878-94E14CCAB0CA}.Release|x86.Build.0 = Release|Win32
	EndGlobalSection
	GlobalSection(SolutionProperties) = preSolution
		HideSolutionNode = FALSE
	EndGlobalSection
	GlobalSection(ExtensibilityGlobals) = postSolution
		SolutionGuid = {E6814AA7-3B71-414D-9FFB-84CC85ADC7E7}
	EndGlobalSection
EndGlobal
