
Microsoft Visual Studio Solution File, Format Version 12.00
# Visual Studio Version 17
VisualStudioVersion = 17.1.32228.430
MinimumVisualStudioVersion = 10.0.40219.1
Project("{F184B08F-C81C-45F6-A57F-5ABD9991F28F}") = "SnipManVB", "SnipManVB.vbproj", "{E134A9C2-0900-4F21-B1A6-077E5BA28475}"
EndProject
Project("{2150E333-8FDC-42A3-9474-1A3956D46DE8}") = "Solution Items", "Solution Items", "{F6D2227E-82FD-4280-87EA-6BA8B0D4DE30}"
	ProjectSection(SolutionItems) = preProject
		SnipManager.vb = SnipManager.vb
	EndProjectSection
EndProject
Global
	GlobalSection(SolutionConfigurationPlatforms) = preSolution
		Debug|Any CPU = Debug|Any CPU
		Release|Any CPU = Release|Any CPU
	EndGlobalSection
	GlobalSection(ProjectConfigurationPlatforms) = postSolution
		{E134A9C2-0900-4F21-B1A6-077E5BA28475}.Debug|Any CPU.ActiveCfg = Debug|Any CPU
		{E134A9C2-0900-4F21-B1A6-077E5BA28475}.Debug|Any CPU.Build.0 = Debug|Any CPU
		{E134A9C2-0900-4F21-B1A6-077E5BA28475}.Release|Any CPU.ActiveCfg = Release|Any CPU
		{E134A9C2-0900-4F21-B1A6-077E5BA28475}.Release|Any CPU.Build.0 = Release|Any CPU
	EndGlobalSection
	GlobalSection(SolutionProperties) = preSolution
		HideSolutionNode = FALSE
	EndGlobalSection
	GlobalSection(ExtensibilityGlobals) = postSolution
		SolutionGuid = {0FDFA289-916D-4D40-AFFA-F35E30BFA55C}
	EndGlobalSection
EndGlobal
